// !$*UTF8*$!
{
	archiveVersion = 1;
	classes = {
	};
	objectVersion = 46;
	objects = {

/* Begin PBXBuildFile section */
		67339D1518A3FC8200C6F563 /* Foundation.framework in Frameworks */ = {isa = PBXBuildFile; fileRef = 67339D1418A3FC8200C6F563 /* Foundation.framework */; };
		67339D1718A3FC8200C6F563 /* CoreGraphics.framework in Frameworks */ = {isa = PBXBuildFile; fileRef = 67339D1618A3FC8200C6F563 /* CoreGraphics.framework */; };
		67339D1918A3FC8200C6F563 /* UIKit.framework in Frameworks */ = {isa = PBXBuildFile; fileRef = 67339D1818A3FC8200C6F563 /* UIKit.framework */; };
		67339D1F18A3FC8200C6F563 /* InfoPlist.strings in Resources */ = {isa = PBXBuildFile; fileRef = 67339D1D18A3FC8200C6F563 /* InfoPlist.strings */; };
		67339D2118A3FC8200C6F563 /* main.m in Sources */ = {isa = PBXBuildFile; fileRef = 67339D2018A3FC8200C6F563 /* main.m */; };
		67339D2518A3FC8200C6F563 /* KATAppDelegate.m in Sources */ = {isa = PBXBuildFile; fileRef = 67339D2418A3FC8200C6F563 /* KATAppDelegate.m */; };
		67339D2818A3FC8200C6F563 /* Main_iPhone.storyboard in Resources */ = {isa = PBXBuildFile; fileRef = 67339D2618A3FC8200C6F563 /* Main_iPhone.storyboard */; };
		67339D2B18A3FC8200C6F563 /* Main_iPad.storyboard in Resources */ = {isa = PBXBuildFile; fileRef = 67339D2918A3FC8200C6F563 /* Main_iPad.storyboard */; };
		67339D3318A3FC8200C6F563 /* Images.xcassets in Resources */ = {isa = PBXBuildFile; fileRef = 67339D3218A3FC8200C6F563 /* Images.xcassets */; };
		67339D3A18A3FC8200C6F563 /* XCTest.framework in Frameworks */ = {isa = PBXBuildFile; fileRef = 67339D3918A3FC8200C6F563 /* XCTest.framework */; };
		67339D3B18A3FC8200C6F563 /* Foundation.framework in Frameworks */ = {isa = PBXBuildFile; fileRef = 67339D1418A3FC8200C6F563 /* Foundation.framework */; };
		67339D3C18A3FC8200C6F563 /* UIKit.framework in Frameworks */ = {isa = PBXBuildFile; fileRef = 67339D1818A3FC8200C6F563 /* UIKit.framework */; };
		67339D4418A3FC8200C6F563 /* InfoPlist.strings in Resources */ = {isa = PBXBuildFile; fileRef = 67339D4218A3FC8200C6F563 /* InfoPlist.strings */; };
		67339D4618A3FC8200C6F563 /* KenoshaAreaTransitTests.m in Sources */ = {isa = PBXBuildFile; fileRef = 67339D4518A3FC8200C6F563 /* KenoshaAreaTransitTests.m */; };
		D200B25B18B9AD3400D74309 /* KATHelpContactViewController.m in Sources */ = {isa = PBXBuildFile; fileRef = D200B25A18B9AD3300D74309 /* KATHelpContactViewController.m */; };
		D200B25E18B9B5C000D74309 /* KATBusRouteListViewController.m in Sources */ = {isa = PBXBuildFile; fileRef = D200B25D18B9B5C000D74309 /* KATBusRouteListViewController.m */; };
		D200B26118B9B6CE00D74309 /* KATBusListTableCell.m in Sources */ = {isa = PBXBuildFile; fileRef = D200B26018B9B6CE00D74309 /* KATBusListTableCell.m */; };
		D222D49418CFB3910094E3B3 /* KATBackButton.png in Resources */ = {isa = PBXBuildFile; fileRef = D222D48118CFB3910094E3B3 /* KATBackButton.png */; };
		D222D49518CFB3910094E3B3 /* KATBusListBackground.png in Resources */ = {isa = PBXBuildFile; fileRef = D222D48218CFB3910094E3B3 /* KATBusListBackground.png */; };
		D222D49618CFB3910094E3B3 /* KATContactIcon.png in Resources */ = {isa = PBXBuildFile; fileRef = D222D48318CFB3910094E3B3 /* KATContactIcon.png */; };
		D222D49718CFB3910094E3B3 /* KATContactIcon@2x.png in Resources */ = {isa = PBXBuildFile; fileRef = D222D48418CFB3910094E3B3 /* KATContactIcon@2x.png */; };
		D222D49818CFB3910094E3B3 /* KATHelpButton.png in Resources */ = {isa = PBXBuildFile; fileRef = D222D48518CFB3910094E3B3 /* KATHelpButton.png */; };
		D222D49918CFB3910094E3B3 /* KATHelpButtonClicked.png in Resources */ = {isa = PBXBuildFile; fileRef = D222D48618CFB3910094E3B3 /* KATHelpButtonClicked.png */; };
		D222D49A18CFB3910094E3B3 /* KatIcon.png in Resources */ = {isa = PBXBuildFile; fileRef = D222D48718CFB3910094E3B3 /* KatIcon.png */; };
		D222D49B18CFB3910094E3B3 /* KatIcon58pix.png in Resources */ = {isa = PBXBuildFile; fileRef = D222D48818CFB3910094E3B3 /* KatIcon58pix.png */; };
		D222D49C18CFB3910094E3B3 /* KatIcon80.png in Resources */ = {isa = PBXBuildFile; fileRef = D222D48918CFB3910094E3B3 /* KatIcon80.png */; };
		D222D49D18CFB3910094E3B3 /* KatIcon120pix.png in Resources */ = {isa = PBXBuildFile; fileRef = D222D48A18CFB3910094E3B3 /* KatIcon120pix.png */; };
		D222D49E18CFB3910094E3B3 /* KATLogoBanner.png in Resources */ = {isa = PBXBuildFile; fileRef = D222D48B18CFB3910094E3B3 /* KATLogoBanner.png */; };
		D222D49F18CFB3910094E3B3 /* KATRouteButton.png in Resources */ = {isa = PBXBuildFile; fileRef = D222D48C18CFB3910094E3B3 /* KATRouteButton.png */; };
		D222D4A018CFB3910094E3B3 /* KATRouteButtonClicked.png in Resources */ = {isa = PBXBuildFile; fileRef = D222D48D18CFB3910094E3B3 /* KATRouteButtonClicked.png */; };
		D222D4A118CFB3910094E3B3 /* KATRouteIcon.png in Resources */ = {isa = PBXBuildFile; fileRef = D222D48E18CFB3910094E3B3 /* KATRouteIcon.png */; };
		D222D4A218CFB3910094E3B3 /* KATRouteIcon@2x.png in Resources */ = {isa = PBXBuildFile; fileRef = D222D48F18CFB3910094E3B3 /* KATRouteIcon@2x.png */; };
		D222D4A318CFB3910094E3B3 /* KATScanButton.png in Resources */ = {isa = PBXBuildFile; fileRef = D222D49018CFB3910094E3B3 /* KATScanButton.png */; };
		D222D4A418CFB3910094E3B3 /* KATScanButtonClicked.png in Resources */ = {isa = PBXBuildFile; fileRef = D222D49118CFB3910094E3B3 /* KATScanButtonClicked.png */; };
		D222D4A518CFB3910094E3B3 /* KATScanIcon.png in Resources */ = {isa = PBXBuildFile; fileRef = D222D49218CFB3910094E3B3 /* KATScanIcon.png */; };
		D222D4A618CFB3910094E3B3 /* KATScanIcon@2x.png in Resources */ = {isa = PBXBuildFile; fileRef = D222D49318CFB3910094E3B3 /* KATScanIcon@2x.png */; };
		D24AD4AE18D7D32500990AFD /* KATDatabaseManager.m in Sources */ = {isa = PBXBuildFile; fileRef = D24AD4AD18D7D32500990AFD /* KATDatabaseManager.m */; };
		D24AD4CD18D7D34100990AFD /* libzbar.a in Frameworks */ = {isa = PBXBuildFile; fileRef = D24AD4C718D7D34100990AFD /* libzbar.a */; };
		D24AD4CE18D7D34100990AFD /* zbar-back.png in Resources */ = {isa = PBXBuildFile; fileRef = D24AD4C918D7D34100990AFD /* zbar-back.png */; };
		D24AD4CF18D7D34100990AFD /* zbar-help.html in Resources */ = {isa = PBXBuildFile; fileRef = D24AD4CA18D7D34100990AFD /* zbar-help.html */; };
		D24AD4D018D7D34100990AFD /* zbar-helpicons.png in Resources */ = {isa = PBXBuildFile; fileRef = D24AD4CB18D7D34100990AFD /* zbar-helpicons.png */; };
		D24AD4D118D7D34100990AFD /* zbar-samples.png in Resources */ = {isa = PBXBuildFile; fileRef = D24AD4CC18D7D34100990AFD /* zbar-samples.png */; };
		D24AD4D418D7D35D00990AFD /* KATHomeViewController.m in Sources */ = {isa = PBXBuildFile; fileRef = D24AD4D318D7D35D00990AFD /* KATHomeViewController.m */; };
		D2DE165318C28DEE009A4AC0 /* KATRoutePageViewController.m in Sources */ = {isa = PBXBuildFile; fileRef = D2DE165218C28DEE009A4AC0 /* KATRoutePageViewController.m */; };
		D2DE165918C2BAD8009A4AC0 /* KATHelpScanViewController.m in Sources */ = {isa = PBXBuildFile; fileRef = D2DE165818C2BAD8009A4AC0 /* KATHelpScanViewController.m */; };
		D2DE165C18C2BD2D009A4AC0 /* KATHelpRouteViewController.m in Sources */ = {isa = PBXBuildFile; fileRef = D2DE165B18C2BD2D009A4AC0 /* KATHelpRouteViewController.m */; };
/* End PBXBuildFile section */

/* Begin PBXContainerItemProxy section */
		67339D3D18A3FC8200C6F563 /* PBXContainerItemProxy */ = {
			isa = PBXContainerItemProxy;
			containerPortal = 67339D0918A3FC8200C6F563 /* Project object */;
			proxyType = 1;
			remoteGlobalIDString = 67339D1018A3FC8200C6F563;
			remoteInfo = KenoshaAreaTransit;
		};
/* End PBXContainerItemProxy section */

/* Begin PBXFileReference section */
		67339D1118A3FC8200C6F563 /* KenoshaAreaTransit.app */ = {isa = PBXFileReference; explicitFileType = wrapper.application; includeInIndex = 0; path = KenoshaAreaTransit.app; sourceTree = BUILT_PRODUCTS_DIR; };
		67339D1418A3FC8200C6F563 /* Foundation.framework */ = {isa = PBXFileReference; lastKnownFileType = wrapper.framework; name = Foundation.framework; path = System/Library/Frameworks/Foundation.framework; sourceTree = SDKROOT; };
		67339D1618A3FC8200C6F563 /* CoreGraphics.framework */ = {isa = PBXFileReference; lastKnownFileType = wrapper.framework; name = CoreGraphics.framework; path = System/Library/Frameworks/CoreGraphics.framework; sourceTree = SDKROOT; };
		67339D1818A3FC8200C6F563 /* UIKit.framework */ = {isa = PBXFileReference; lastKnownFileType = wrapper.framework; name = UIKit.framework; path = System/Library/Frameworks/UIKit.framework; sourceTree = SDKROOT; };
		67339D1C18A3FC8200C6F563 /* KenoshaAreaTransit-Info.plist */ = {isa = PBXFileReference; lastKnownFileType = text.plist.xml; path = "KenoshaAreaTransit-Info.plist"; sourceTree = "<group>"; };
		67339D1E18A3FC8200C6F563 /* en */ = {isa = PBXFileReference; lastKnownFileType = text.plist.strings; name = en; path = en.lproj/InfoPlist.strings; sourceTree = "<group>"; };
		67339D2018A3FC8200C6F563 /* main.m */ = {isa = PBXFileReference; lastKnownFileType = sourcecode.c.objc; path = main.m; sourceTree = "<group>"; };
		67339D2218A3FC8200C6F563 /* KenoshaAreaTransit-Prefix.pch */ = {isa = PBXFileReference; lastKnownFileType = sourcecode.c.h; path = "KenoshaAreaTransit-Prefix.pch"; sourceTree = "<group>"; };
		67339D2318A3FC8200C6F563 /* KATAppDelegate.h */ = {isa = PBXFileReference; lastKnownFileType = sourcecode.c.h; path = KATAppDelegate.h; sourceTree = "<group>"; };
		67339D2418A3FC8200C6F563 /* KATAppDelegate.m */ = {isa = PBXFileReference; lastKnownFileType = sourcecode.c.objc; path = KATAppDelegate.m; sourceTree = "<group>"; };
		67339D2718A3FC8200C6F563 /* Base */ = {isa = PBXFileReference; lastKnownFileType = file.storyboard; name = Base; path = Base.lproj/Main_iPhone.storyboard; sourceTree = "<group>"; };
		67339D2A18A3FC8200C6F563 /* Base */ = {isa = PBXFileReference; lastKnownFileType = file.storyboard; name = Base; path = Base.lproj/Main_iPad.storyboard; sourceTree = "<group>"; };
		67339D3218A3FC8200C6F563 /* Images.xcassets */ = {isa = PBXFileReference; lastKnownFileType = folder.assetcatalog; path = Images.xcassets; sourceTree = "<group>"; };
		67339D3818A3FC8200C6F563 /* KenoshaAreaTransitTests.xctest */ = {isa = PBXFileReference; explicitFileType = wrapper.cfbundle; includeInIndex = 0; path = KenoshaAreaTransitTests.xctest; sourceTree = BUILT_PRODUCTS_DIR; };
		67339D3918A3FC8200C6F563 /* XCTest.framework */ = {isa = PBXFileReference; lastKnownFileType = wrapper.framework; name = XCTest.framework; path = Library/Frameworks/XCTest.framework; sourceTree = DEVELOPER_DIR; };
		67339D4118A3FC8200C6F563 /* KenoshaAreaTransitTests-Info.plist */ = {isa = PBXFileReference; lastKnownFileType = text.plist.xml; path = "KenoshaAreaTransitTests-Info.plist"; sourceTree = "<group>"; };
		67339D4318A3FC8200C6F563 /* en */ = {isa = PBXFileReference; lastKnownFileType = text.plist.strings; name = en; path = en.lproj/InfoPlist.strings; sourceTree = "<group>"; };
		67339D4518A3FC8200C6F563 /* KenoshaAreaTransitTests.m */ = {isa = PBXFileReference; lastKnownFileType = sourcecode.c.objc; path = KenoshaAreaTransitTests.m; sourceTree = "<group>"; };
		D200B25918B9AD3300D74309 /* KATHelpContactViewController.h */ = {isa = PBXFileReference; fileEncoding = 4; lastKnownFileType = sourcecode.c.h; path = KATHelpContactViewController.h; sourceTree = "<group>"; };
		D200B25A18B9AD3300D74309 /* KATHelpContactViewController.m */ = {isa = PBXFileReference; fileEncoding = 4; lastKnownFileType = sourcecode.c.objc; path = KATHelpContactViewController.m; sourceTree = "<group>"; };
		D200B25C18B9B5C000D74309 /* KATBusRouteListViewController.h */ = {isa = PBXFileReference; fileEncoding = 4; lastKnownFileType = sourcecode.c.h; path = KATBusRouteListViewController.h; sourceTree = "<group>"; };
		D200B25D18B9B5C000D74309 /* KATBusRouteListViewController.m */ = {isa = PBXFileReference; fileEncoding = 4; lastKnownFileType = sourcecode.c.objc; path = KATBusRouteListViewController.m; sourceTree = "<group>"; };
		D200B25F18B9B6CE00D74309 /* KATBusListTableCell.h */ = {isa = PBXFileReference; fileEncoding = 4; lastKnownFileType = sourcecode.c.h; path = KATBusListTableCell.h; sourceTree = "<group>"; };
		D200B26018B9B6CE00D74309 /* KATBusListTableCell.m */ = {isa = PBXFileReference; fileEncoding = 4; lastKnownFileType = sourcecode.c.objc; path = KATBusListTableCell.m; sourceTree = "<group>"; };
		D222D48118CFB3910094E3B3 /* KATBackButton.png */ = {isa = PBXFileReference; lastKnownFileType = image.png; name = KATBackButton.png; path = KatImages/KATBackButton.png; sourceTree = "<group>"; };
		D222D48218CFB3910094E3B3 /* KATBusListBackground.png */ = {isa = PBXFileReference; lastKnownFileType = image.png; name = KATBusListBackground.png; path = KatImages/KATBusListBackground.png; sourceTree = "<group>"; };
		D222D48318CFB3910094E3B3 /* KATContactIcon.png */ = {isa = PBXFileReference; lastKnownFileType = image.png; name = KATContactIcon.png; path = KatImages/KATContactIcon.png; sourceTree = "<group>"; };
		D222D48418CFB3910094E3B3 /* KATContactIcon@2x.png */ = {isa = PBXFileReference; lastKnownFileType = image.png; name = "KATContactIcon@2x.png"; path = "KatImages/KATContactIcon@2x.png"; sourceTree = "<group>"; };
		D222D48518CFB3910094E3B3 /* KATHelpButton.png */ = {isa = PBXFileReference; lastKnownFileType = image.png; name = KATHelpButton.png; path = KatImages/KATHelpButton.png; sourceTree = "<group>"; };
		D222D48618CFB3910094E3B3 /* KATHelpButtonClicked.png */ = {isa = PBXFileReference; lastKnownFileType = image.png; name = KATHelpButtonClicked.png; path = KatImages/KATHelpButtonClicked.png; sourceTree = "<group>"; };
		D222D48718CFB3910094E3B3 /* KatIcon.png */ = {isa = PBXFileReference; lastKnownFileType = image.png; name = KatIcon.png; path = KatImages/KatIcon.png; sourceTree = "<group>"; };
		D222D48818CFB3910094E3B3 /* KatIcon58pix.png */ = {isa = PBXFileReference; lastKnownFileType = image.png; name = KatIcon58pix.png; path = KatImages/KatIcon58pix.png; sourceTree = "<group>"; };
		D222D48918CFB3910094E3B3 /* KatIcon80.png */ = {isa = PBXFileReference; lastKnownFileType = image.png; name = KatIcon80.png; path = KatImages/KatIcon80.png; sourceTree = "<group>"; };
		D222D48A18CFB3910094E3B3 /* KatIcon120pix.png */ = {isa = PBXFileReference; lastKnownFileType = image.png; name = KatIcon120pix.png; path = KatImages/KatIcon120pix.png; sourceTree = "<group>"; };
		D222D48B18CFB3910094E3B3 /* KATLogoBanner.png */ = {isa = PBXFileReference; lastKnownFileType = image.png; name = KATLogoBanner.png; path = KatImages/KATLogoBanner.png; sourceTree = "<group>"; };
		D222D48C18CFB3910094E3B3 /* KATRouteButton.png */ = {isa = PBXFileReference; lastKnownFileType = image.png; name = KATRouteButton.png; path = KatImages/KATRouteButton.png; sourceTree = "<group>"; };
		D222D48D18CFB3910094E3B3 /* KATRouteButtonClicked.png */ = {isa = PBXFileReference; lastKnownFileType = image.png; name = KATRouteButtonClicked.png; path = KatImages/KATRouteButtonClicked.png; sourceTree = "<group>"; };
		D222D48E18CFB3910094E3B3 /* KATRouteIcon.png */ = {isa = PBXFileReference; lastKnownFileType = image.png; name = KATRouteIcon.png; path = KatImages/KATRouteIcon.png; sourceTree = "<group>"; };
		D222D48F18CFB3910094E3B3 /* KATRouteIcon@2x.png */ = {isa = PBXFileReference; lastKnownFileType = image.png; name = "KATRouteIcon@2x.png"; path = "KatImages/KATRouteIcon@2x.png"; sourceTree = "<group>"; };
		D222D49018CFB3910094E3B3 /* KATScanButton.png */ = {isa = PBXFileReference; lastKnownFileType = image.png; name = KATScanButton.png; path = KatImages/KATScanButton.png; sourceTree = "<group>"; };
		D222D49118CFB3910094E3B3 /* KATScanButtonClicked.png */ = {isa = PBXFileReference; lastKnownFileType = image.png; name = KATScanButtonClicked.png; path = KatImages/KATScanButtonClicked.png; sourceTree = "<group>"; };
		D222D49218CFB3910094E3B3 /* KATScanIcon.png */ = {isa = PBXFileReference; lastKnownFileType = image.png; name = KATScanIcon.png; path = KatImages/KATScanIcon.png; sourceTree = "<group>"; };
		D222D49318CFB3910094E3B3 /* KATScanIcon@2x.png */ = {isa = PBXFileReference; lastKnownFileType = image.png; name = "KATScanIcon@2x.png"; path = "KatImages/KATScanIcon@2x.png"; sourceTree = "<group>"; };
		D24AD4AC18D7D32500990AFD /* KATDatabaseManager.h */ = {isa = PBXFileReference; fileEncoding = 4; lastKnownFileType = sourcecode.c.h; path = KATDatabaseManager.h; sourceTree = "<group>"; };
		D24AD4AD18D7D32500990AFD /* KATDatabaseManager.m */ = {isa = PBXFileReference; fileEncoding = 4; lastKnownFileType = sourcecode.c.objc; path = KATDatabaseManager.m; sourceTree = "<group>"; };
		D24AD4B318D7D34100990AFD /* Decoder.h */ = {isa = PBXFileReference; fileEncoding = 4; lastKnownFileType = sourcecode.c.h; path = Decoder.h; sourceTree = "<group>"; };
		D24AD4B418D7D34100990AFD /* Exception.h */ = {isa = PBXFileReference; fileEncoding = 4; lastKnownFileType = sourcecode.c.h; path = Exception.h; sourceTree = "<group>"; };
		D24AD4B518D7D34100990AFD /* Image.h */ = {isa = PBXFileReference; fileEncoding = 4; lastKnownFileType = sourcecode.c.h; path = Image.h; sourceTree = "<group>"; };
		D24AD4B618D7D34100990AFD /* ImageScanner.h */ = {isa = PBXFileReference; fileEncoding = 4; lastKnownFileType = sourcecode.c.h; path = ImageScanner.h; sourceTree = "<group>"; };
		D24AD4B718D7D34100990AFD /* Processor.h */ = {isa = PBXFileReference; fileEncoding = 4; lastKnownFileType = sourcecode.c.h; path = Processor.h; sourceTree = "<group>"; };
		D24AD4B818D7D34100990AFD /* Scanner.h */ = {isa = PBXFileReference; fileEncoding = 4; lastKnownFileType = sourcecode.c.h; path = Scanner.h; sourceTree = "<group>"; };
		D24AD4B918D7D34100990AFD /* Symbol.h */ = {isa = PBXFileReference; fileEncoding = 4; lastKnownFileType = sourcecode.c.h; path = Symbol.h; sourceTree = "<group>"; };
		D24AD4BA18D7D34100990AFD /* Video.h */ = {isa = PBXFileReference; fileEncoding = 4; lastKnownFileType = sourcecode.c.h; path = Video.h; sourceTree = "<group>"; };
		D24AD4BB18D7D34100990AFD /* Window.h */ = {isa = PBXFileReference; fileEncoding = 4; lastKnownFileType = sourcecode.c.h; path = Window.h; sourceTree = "<group>"; };
		D24AD4BC18D7D34100990AFD /* zbar.h */ = {isa = PBXFileReference; fileEncoding = 4; lastKnownFileType = sourcecode.c.h; path = zbar.h; sourceTree = "<group>"; };
		D24AD4BD18D7D34100990AFD /* ZBarCameraSimulator.h */ = {isa = PBXFileReference; fileEncoding = 4; lastKnownFileType = sourcecode.c.h; path = ZBarCameraSimulator.h; sourceTree = "<group>"; };
		D24AD4BE18D7D34100990AFD /* ZBarCaptureReader.h */ = {isa = PBXFileReference; fileEncoding = 4; lastKnownFileType = sourcecode.c.h; path = ZBarCaptureReader.h; sourceTree = "<group>"; };
		D24AD4BF18D7D34100990AFD /* ZBarHelpController.h */ = {isa = PBXFileReference; fileEncoding = 4; lastKnownFileType = sourcecode.c.h; path = ZBarHelpController.h; sourceTree = "<group>"; };
		D24AD4C018D7D34100990AFD /* ZBarImage.h */ = {isa = PBXFileReference; fileEncoding = 4; lastKnownFileType = sourcecode.c.h; path = ZBarImage.h; sourceTree = "<group>"; };
		D24AD4C118D7D34100990AFD /* ZBarImageScanner.h */ = {isa = PBXFileReference; fileEncoding = 4; lastKnownFileType = sourcecode.c.h; path = ZBarImageScanner.h; sourceTree = "<group>"; };
		D24AD4C218D7D34100990AFD /* ZBarReaderController.h */ = {isa = PBXFileReference; fileEncoding = 4; lastKnownFileType = sourcecode.c.h; path = ZBarReaderController.h; sourceTree = "<group>"; };
		D24AD4C318D7D34100990AFD /* ZBarReaderView.h */ = {isa = PBXFileReference; fileEncoding = 4; lastKnownFileType = sourcecode.c.h; path = ZBarReaderView.h; sourceTree = "<group>"; };
		D24AD4C418D7D34100990AFD /* ZBarReaderViewController.h */ = {isa = PBXFileReference; fileEncoding = 4; lastKnownFileType = sourcecode.c.h; path = ZBarReaderViewController.h; sourceTree = "<group>"; };
		D24AD4C518D7D34100990AFD /* ZBarSDK.h */ = {isa = PBXFileReference; fileEncoding = 4; lastKnownFileType = sourcecode.c.h; path = ZBarSDK.h; sourceTree = "<group>"; };
		D24AD4C618D7D34100990AFD /* ZBarSymbol.h */ = {isa = PBXFileReference; fileEncoding = 4; lastKnownFileType = sourcecode.c.h; path = ZBarSymbol.h; sourceTree = "<group>"; };
		D24AD4C718D7D34100990AFD /* libzbar.a */ = {isa = PBXFileReference; lastKnownFileType = archive.ar; path = libzbar.a; sourceTree = "<group>"; };
		D24AD4C918D7D34100990AFD /* zbar-back.png */ = {isa = PBXFileReference; lastKnownFileType = image.png; path = "zbar-back.png"; sourceTree = "<group>"; };
		D24AD4CA18D7D34100990AFD /* zbar-help.html */ = {isa = PBXFileReference; fileEncoding = 4; lastKnownFileType = text.html; path = "zbar-help.html"; sourceTree = "<group>"; };
		D24AD4CB18D7D34100990AFD /* zbar-helpicons.png */ = {isa = PBXFileReference; lastKnownFileType = image.png; path = "zbar-helpicons.png"; sourceTree = "<group>"; };
		D24AD4CC18D7D34100990AFD /* zbar-samples.png */ = {isa = PBXFileReference; lastKnownFileType = image.png; path = "zbar-samples.png"; sourceTree = "<group>"; };
		D24AD4D218D7D35D00990AFD /* KATHomeViewController.h */ = {isa = PBXFileReference; fileEncoding = 4; lastKnownFileType = sourcecode.c.h; path = KATHomeViewController.h; sourceTree = "<group>"; };
		D24AD4D318D7D35D00990AFD /* KATHomeViewController.m */ = {isa = PBXFileReference; fileEncoding = 4; lastKnownFileType = sourcecode.c.objc; path = KATHomeViewController.m; sourceTree = "<group>"; };
		D2DE165118C28DEE009A4AC0 /* KATRoutePageViewController.h */ = {isa = PBXFileReference; fileEncoding = 4; lastKnownFileType = sourcecode.c.h; path = KATRoutePageViewController.h; sourceTree = "<group>"; };
		D2DE165218C28DEE009A4AC0 /* KATRoutePageViewController.m */ = {isa = PBXFileReference; fileEncoding = 4; lastKnownFileType = sourcecode.c.objc; path = KATRoutePageViewController.m; sourceTree = "<group>"; };
		D2DE165718C2BAD8009A4AC0 /* KATHelpScanViewController.h */ = {isa = PBXFileReference; fileEncoding = 4; lastKnownFileType = sourcecode.c.h; path = KATHelpScanViewController.h; sourceTree = "<group>"; };
		D2DE165818C2BAD8009A4AC0 /* KATHelpScanViewController.m */ = {isa = PBXFileReference; fileEncoding = 4; lastKnownFileType = sourcecode.c.objc; path = KATHelpScanViewController.m; sourceTree = "<group>"; };
		D2DE165A18C2BD2D009A4AC0 /* KATHelpRouteViewController.h */ = {isa = PBXFileReference; fileEncoding = 4; lastKnownFileType = sourcecode.c.h; path = KATHelpRouteViewController.h; sourceTree = "<group>"; };
		D2DE165B18C2BD2D009A4AC0 /* KATHelpRouteViewController.m */ = {isa = PBXFileReference; fileEncoding = 4; lastKnownFileType = sourcecode.c.objc; path = KATHelpRouteViewController.m; sourceTree = "<group>"; };
/* End PBXFileReference section */

/* Begin PBXFrameworksBuildPhase section */
		67339D0E18A3FC8200C6F563 /* Frameworks */ = {
			isa = PBXFrameworksBuildPhase;
			buildActionMask = 2147483647;
			files = (
				67339D1718A3FC8200C6F563 /* CoreGraphics.framework in Frameworks */,
				67339D1918A3FC8200C6F563 /* UIKit.framework in Frameworks */,
				D24AD4CD18D7D34100990AFD /* libzbar.a in Frameworks */,
				67339D1518A3FC8200C6F563 /* Foundation.framework in Frameworks */,
			);
			runOnlyForDeploymentPostprocessing = 0;
		};
		67339D3518A3FC8200C6F563 /* Frameworks */ = {
			isa = PBXFrameworksBuildPhase;
			buildActionMask = 2147483647;
			files = (
				67339D3A18A3FC8200C6F563 /* XCTest.framework in Frameworks */,
				67339D3C18A3FC8200C6F563 /* UIKit.framework in Frameworks */,
				67339D3B18A3FC8200C6F563 /* Foundation.framework in Frameworks */,
			);
			runOnlyForDeploymentPostprocessing = 0;
		};
/* End PBXFrameworksBuildPhase section */

/* Begin PBXGroup section */
		67339D0818A3FC8200C6F563 = {
			isa = PBXGroup;
			children = (
				D24AD4AF18D7D34100990AFD /* ZBarSDK */,
				67339D1A18A3FC8200C6F563 /* KenoshaAreaTransit */,
				67339D3F18A3FC8200C6F563 /* KenoshaAreaTransitTests */,
				67339D1318A3FC8200C6F563 /* Frameworks */,
				67339D1218A3FC8200C6F563 /* Products */,
			);
			sourceTree = "<group>";
		};
		67339D1218A3FC8200C6F563 /* Products */ = {
			isa = PBXGroup;
			children = (
				67339D1118A3FC8200C6F563 /* KenoshaAreaTransit.app */,
				67339D3818A3FC8200C6F563 /* KenoshaAreaTransitTests.xctest */,
			);
			name = Products;
			sourceTree = "<group>";
		};
		67339D1318A3FC8200C6F563 /* Frameworks */ = {
			isa = PBXGroup;
			children = (
				67339D1418A3FC8200C6F563 /* Foundation.framework */,
				67339D1618A3FC8200C6F563 /* CoreGraphics.framework */,
				67339D1818A3FC8200C6F563 /* UIKit.framework */,
				67339D3918A3FC8200C6F563 /* XCTest.framework */,
			);
			name = Frameworks;
			sourceTree = "<group>";
		};
		67339D1A18A3FC8200C6F563 /* KenoshaAreaTransit */ = {
			isa = PBXGroup;
			children = (
				D24AD4D218D7D35D00990AFD /* KATHomeViewController.h */,
				D24AD4D318D7D35D00990AFD /* KATHomeViewController.m */,
				67339D2318A3FC8200C6F563 /* KATAppDelegate.h */,
				67339D2418A3FC8200C6F563 /* KATAppDelegate.m */,
				67339D2618A3FC8200C6F563 /* Main_iPhone.storyboard */,
				D2DE165118C28DEE009A4AC0 /* KATRoutePageViewController.h */,
				D2DE165218C28DEE009A4AC0 /* KATRoutePageViewController.m */,
				D24AD4AC18D7D32500990AFD /* KATDatabaseManager.h */,
				D24AD4AD18D7D32500990AFD /* KATDatabaseManager.m */,
				D200B25F18B9B6CE00D74309 /* KATBusListTableCell.h */,
				D200B26018B9B6CE00D74309 /* KATBusListTableCell.m */,
				D200B25C18B9B5C000D74309 /* KATBusRouteListViewController.h */,
				D200B25D18B9B5C000D74309 /* KATBusRouteListViewController.m */,
				D200B25918B9AD3300D74309 /* KATHelpContactViewController.h */,
				D200B25A18B9AD3300D74309 /* KATHelpContactViewController.m */,
				D2DE165A18C2BD2D009A4AC0 /* KATHelpRouteViewController.h */,
				D2DE165B18C2BD2D009A4AC0 /* KATHelpRouteViewController.m */,
				D2DE165718C2BAD8009A4AC0 /* KATHelpScanViewController.h */,
				D2DE165818C2BAD8009A4AC0 /* KATHelpScanViewController.m */,
				67339D2918A3FC8200C6F563 /* Main_iPad.storyboard */,
				67339D3218A3FC8200C6F563 /* Images.xcassets */,
				67339D1B18A3FC8200C6F563 /* Supporting Files */,
			);
			path = KenoshaAreaTransit;
			sourceTree = "<group>";
		};
		67339D1B18A3FC8200C6F563 /* Supporting Files */ = {
			isa = PBXGroup;
			children = (
				D222D48118CFB3910094E3B3 /* KATBackButton.png */,
				D222D48218CFB3910094E3B3 /* KATBusListBackground.png */,
				D222D48318CFB3910094E3B3 /* KATContactIcon.png */,
				D222D48418CFB3910094E3B3 /* KATContactIcon@2x.png */,
				D222D48518CFB3910094E3B3 /* KATHelpButton.png */,
				D222D48618CFB3910094E3B3 /* KATHelpButtonClicked.png */,
				D222D48718CFB3910094E3B3 /* KatIcon.png */,
				D222D48818CFB3910094E3B3 /* KatIcon58pix.png */,
				D222D48918CFB3910094E3B3 /* KatIcon80.png */,
				D222D48A18CFB3910094E3B3 /* KatIcon120pix.png */,
				D222D48B18CFB3910094E3B3 /* KATLogoBanner.png */,
				D222D48C18CFB3910094E3B3 /* KATRouteButton.png */,
				D222D48D18CFB3910094E3B3 /* KATRouteButtonClicked.png */,
				D222D48E18CFB3910094E3B3 /* KATRouteIcon.png */,
				D222D48F18CFB3910094E3B3 /* KATRouteIcon@2x.png */,
				D222D49018CFB3910094E3B3 /* KATScanButton.png */,
				D222D49118CFB3910094E3B3 /* KATScanButtonClicked.png */,
				D222D49218CFB3910094E3B3 /* KATScanIcon.png */,
				D222D49318CFB3910094E3B3 /* KATScanIcon@2x.png */,
				67339D1C18A3FC8200C6F563 /* KenoshaAreaTransit-Info.plist */,
				67339D1D18A3FC8200C6F563 /* InfoPlist.strings */,
				67339D2018A3FC8200C6F563 /* main.m */,
				67339D2218A3FC8200C6F563 /* KenoshaAreaTransit-Prefix.pch */,
			);
			name = "Supporting Files";
			sourceTree = "<group>";
		};
		67339D3F18A3FC8200C6F563 /* KenoshaAreaTransitTests */ = {
			isa = PBXGroup;
			children = (
				67339D4518A3FC8200C6F563 /* KenoshaAreaTransitTests.m */,
				67339D4018A3FC8200C6F563 /* Supporting Files */,
			);
			path = KenoshaAreaTransitTests;
			sourceTree = "<group>";
		};
		67339D4018A3FC8200C6F563 /* Supporting Files */ = {
			isa = PBXGroup;
			children = (
				67339D4118A3FC8200C6F563 /* KenoshaAreaTransitTests-Info.plist */,
				67339D4218A3FC8200C6F563 /* InfoPlist.strings */,
			);
			name = "Supporting Files";
			sourceTree = "<group>";
		};
		D24AD4AF18D7D34100990AFD /* ZBarSDK */ = {
			isa = PBXGroup;
			children = (
				D24AD4B018D7D34100990AFD /* Headers */,
				D24AD4C718D7D34100990AFD /* libzbar.a */,
				D24AD4C818D7D34100990AFD /* Resources */,
			);
			path = ZBarSDK;
			sourceTree = SOURCE_ROOT;
		};
		D24AD4B018D7D34100990AFD /* Headers */ = {
			isa = PBXGroup;
			children = (
				D24AD4B118D7D34100990AFD /* ZBarSDK */,
			);
			path = Headers;
			sourceTree = "<group>";
		};
		D24AD4B118D7D34100990AFD /* ZBarSDK */ = {
			isa = PBXGroup;
			children = (
				D24AD4B218D7D34100990AFD /* zbar */,
				D24AD4BC18D7D34100990AFD /* zbar.h */,
				D24AD4BD18D7D34100990AFD /* ZBarCameraSimulator.h */,
				D24AD4BE18D7D34100990AFD /* ZBarCaptureReader.h */,
				D24AD4BF18D7D34100990AFD /* ZBarHelpController.h */,
				D24AD4C018D7D34100990AFD /* ZBarImage.h */,
				D24AD4C118D7D34100990AFD /* ZBarImageScanner.h */,
				D24AD4C218D7D34100990AFD /* ZBarReaderController.h */,
				D24AD4C318D7D34100990AFD /* ZBarReaderView.h */,
				D24AD4C418D7D34100990AFD /* ZBarReaderViewController.h */,
				D24AD4C518D7D34100990AFD /* ZBarSDK.h */,
				D24AD4C618D7D34100990AFD /* ZBarSymbol.h */,
			);
			path = ZBarSDK;
			sourceTree = "<group>";
		};
		D24AD4B218D7D34100990AFD /* zbar */ = {
			isa = PBXGroup;
			children = (
				D24AD4B318D7D34100990AFD /* Decoder.h */,
				D24AD4B418D7D34100990AFD /* Exception.h */,
				D24AD4B518D7D34100990AFD /* Image.h */,
				D24AD4B618D7D34100990AFD /* ImageScanner.h */,
				D24AD4B718D7D34100990AFD /* Processor.h */,
				D24AD4B818D7D34100990AFD /* Scanner.h */,
				D24AD4B918D7D34100990AFD /* Symbol.h */,
				D24AD4BA18D7D34100990AFD /* Video.h */,
				D24AD4BB18D7D34100990AFD /* Window.h */,
			);
			path = zbar;
			sourceTree = "<group>";
		};
		D24AD4C818D7D34100990AFD /* Resources */ = {
			isa = PBXGroup;
			children = (
				D24AD4C918D7D34100990AFD /* zbar-back.png */,
				D24AD4CA18D7D34100990AFD /* zbar-help.html */,
				D24AD4CB18D7D34100990AFD /* zbar-helpicons.png */,
				D24AD4CC18D7D34100990AFD /* zbar-samples.png */,
			);
			path = Resources;
			sourceTree = "<group>";
		};
/* End PBXGroup section */

/* Begin PBXNativeTarget section */
		67339D1018A3FC8200C6F563 /* KenoshaAreaTransit */ = {
			isa = PBXNativeTarget;
			buildConfigurationList = 67339D4918A3FC8200C6F563 /* Build configuration list for PBXNativeTarget "KenoshaAreaTransit" */;
			buildPhases = (
				67339D0D18A3FC8200C6F563 /* Sources */,
				67339D0E18A3FC8200C6F563 /* Frameworks */,
				67339D0F18A3FC8200C6F563 /* Resources */,
			);
			buildRules = (
			);
			dependencies = (
			);
			name = KenoshaAreaTransit;
			productName = KenoshaAreaTransit;
			productReference = 67339D1118A3FC8200C6F563 /* KenoshaAreaTransit.app */;
			productType = "com.apple.product-type.application";
		};
		67339D3718A3FC8200C6F563 /* KenoshaAreaTransitTests */ = {
			isa = PBXNativeTarget;
			buildConfigurationList = 67339D4C18A3FC8200C6F563 /* Build configuration list for PBXNativeTarget "KenoshaAreaTransitTests" */;
			buildPhases = (
				67339D3418A3FC8200C6F563 /* Sources */,
				67339D3518A3FC8200C6F563 /* Frameworks */,
				67339D3618A3FC8200C6F563 /* Resources */,
			);
			buildRules = (
			);
			dependencies = (
				67339D3E18A3FC8200C6F563 /* PBXTargetDependency */,
			);
			name = KenoshaAreaTransitTests;
			productName = KenoshaAreaTransitTests;
			productReference = 67339D3818A3FC8200C6F563 /* KenoshaAreaTransitTests.xctest */;
			productType = "com.apple.product-type.bundle.unit-test";
		};
/* End PBXNativeTarget section */

/* Begin PBXProject section */
		67339D0918A3FC8200C6F563 /* Project object */ = {
			isa = PBXProject;
			attributes = {
				CLASSPREFIX = KAT;
				LastUpgradeCheck = 0500;
				ORGANIZATIONNAME = "Richard Arthur Lebbin III";
				TargetAttributes = {
					67339D1018A3FC8200C6F563 = {
						DevelopmentTeam = H4XP324524;
					};
					67339D3718A3FC8200C6F563 = {
						TestTargetID = 67339D1018A3FC8200C6F563;
					};
				};
			};
			buildConfigurationList = 67339D0C18A3FC8200C6F563 /* Build configuration list for PBXProject "KenoshaAreaTransit" */;
			compatibilityVersion = "Xcode 3.2";
			developmentRegion = English;
			hasScannedForEncodings = 0;
			knownRegions = (
				en,
				Base,
			);
			mainGroup = 67339D0818A3FC8200C6F563;
			productRefGroup = 67339D1218A3FC8200C6F563 /* Products */;
			projectDirPath = "";
			projectRoot = "";
			targets = (
				67339D1018A3FC8200C6F563 /* KenoshaAreaTransit */,
				67339D3718A3FC8200C6F563 /* KenoshaAreaTransitTests */,
			);
		};
/* End PBXProject section */

/* Begin PBXResourcesBuildPhase section */
		67339D0F18A3FC8200C6F563 /* Resources */ = {
			isa = PBXResourcesBuildPhase;
			buildActionMask = 2147483647;
			files = (
				D222D4A518CFB3910094E3B3 /* KATScanIcon.png in Resources */,
				D222D49F18CFB3910094E3B3 /* KATRouteButton.png in Resources */,
				D222D4A318CFB3910094E3B3 /* KATScanButton.png in Resources */,
				D222D4A018CFB3910094E3B3 /* KATRouteButtonClicked.png in Resources */,
				D222D49A18CFB3910094E3B3 /* KatIcon.png in Resources */,
				D222D49418CFB3910094E3B3 /* KATBackButton.png in Resources */,
				67339D2B18A3FC8200C6F563 /* Main_iPad.storyboard in Resources */,
				67339D3318A3FC8200C6F563 /* Images.xcassets in Resources */,
				67339D2818A3FC8200C6F563 /* Main_iPhone.storyboard in Resources */,
				D222D49618CFB3910094E3B3 /* KATContactIcon.png in Resources */,
				D222D4A618CFB3910094E3B3 /* KATScanIcon@2x.png in Resources */,
				D24AD4D118D7D34100990AFD /* zbar-samples.png in Resources */,
				67339D1F18A3FC8200C6F563 /* InfoPlist.strings in Resources */,
				D222D49D18CFB3910094E3B3 /* KatIcon120pix.png in Resources */,
				D24AD4CE18D7D34100990AFD /* zbar-back.png in Resources */,
				D222D4A218CFB3910094E3B3 /* KATRouteIcon@2x.png in Resources */,
				D222D4A418CFB3910094E3B3 /* KATScanButtonClicked.png in Resources */,
				D24AD4CF18D7D34100990AFD /* zbar-help.html in Resources */,
				D222D49518CFB3910094E3B3 /* KATBusListBackground.png in Resources */,
				D24AD4D018D7D34100990AFD /* zbar-helpicons.png in Resources */,
				D222D49918CFB3910094E3B3 /* KATHelpButtonClicked.png in Resources */,
				D222D49718CFB3910094E3B3 /* KATContactIcon@2x.png in Resources */,
				D222D49E18CFB3910094E3B3 /* KATLogoBanner.png in Resources */,
				D222D49B18CFB3910094E3B3 /* KatIcon58pix.png in Resources */,
				D222D4A118CFB3910094E3B3 /* KATRouteIcon.png in Resources */,
				D222D49818CFB3910094E3B3 /* KATHelpButton.png in Resources */,
				D222D49C18CFB3910094E3B3 /* KatIcon80.png in Resources */,
			);
			runOnlyForDeploymentPostprocessing = 0;
		};
		67339D3618A3FC8200C6F563 /* Resources */ = {
			isa = PBXResourcesBuildPhase;
			buildActionMask = 2147483647;
			files = (
				67339D4418A3FC8200C6F563 /* InfoPlist.strings in Resources */,
			);
			runOnlyForDeploymentPostprocessing = 0;
		};
/* End PBXResourcesBuildPhase section */

/* Begin PBXSourcesBuildPhase section */
		67339D0D18A3FC8200C6F563 /* Sources */ = {
			isa = PBXSourcesBuildPhase;
			buildActionMask = 2147483647;
			files = (
				D24AD4D418D7D35D00990AFD /* KATHomeViewController.m in Sources */,
				D200B26118B9B6CE00D74309 /* KATBusListTableCell.m in Sources */,
				D2DE165C18C2BD2D009A4AC0 /* KATHelpRouteViewController.m in Sources */,
				D200B25E18B9B5C000D74309 /* KATBusRouteListViewController.m in Sources */,
				D24AD4AE18D7D32500990AFD /* KATDatabaseManager.m in Sources */,
				67339D2118A3FC8200C6F563 /* main.m in Sources */,
				D2DE165918C2BAD8009A4AC0 /* KATHelpScanViewController.m in Sources */,
				D2DE165318C28DEE009A4AC0 /* KATRoutePageViewController.m in Sources */,
				D200B25B18B9AD3400D74309 /* KATHelpContactViewController.m in Sources */,
				67339D2518A3FC8200C6F563 /* KATAppDelegate.m in Sources */,
			);
			runOnlyForDeploymentPostprocessing = 0;
		};
		67339D3418A3FC8200C6F563 /* Sources */ = {
			isa = PBXSourcesBuildPhase;
			buildActionMask = 2147483647;
			files = (
				67339D4618A3FC8200C6F563 /* KenoshaAreaTransitTests.m in Sources */,
			);
			runOnlyForDeploymentPostprocessing = 0;
		};
/* End PBXSourcesBuildPhase section */

/* Begin PBXTargetDependency section */
		67339D3E18A3FC8200C6F563 /* PBXTargetDependency */ = {
			isa = PBXTargetDependency;
			target = 67339D1018A3FC8200C6F563 /* KenoshaAreaTransit */;
			targetProxy = 67339D3D18A3FC8200C6F563 /* PBXContainerItemProxy */;
		};
/* End PBXTargetDependency section */

/* Begin PBXVariantGroup section */
		67339D1D18A3FC8200C6F563 /* InfoPlist.strings */ = {
			isa = PBXVariantGroup;
			children = (
				67339D1E18A3FC8200C6F563 /* en */,
			);
			name = InfoPlist.strings;
			sourceTree = "<group>";
		};
		67339D2618A3FC8200C6F563 /* Main_iPhone.storyboard */ = {
			isa = PBXVariantGroup;
			children = (
				67339D2718A3FC8200C6F563 /* Base */,
			);
			name = Main_iPhone.storyboard;
			sourceTree = "<group>";
		};
		67339D2918A3FC8200C6F563 /* Main_iPad.storyboard */ = {
			isa = PBXVariantGroup;
			children = (
				67339D2A18A3FC8200C6F563 /* Base */,
			);
			name = Main_iPad.storyboard;
			sourceTree = "<group>";
		};
		67339D4218A3FC8200C6F563 /* InfoPlist.strings */ = {
			isa = PBXVariantGroup;
			children = (
				67339D4318A3FC8200C6F563 /* en */,
			);
			name = InfoPlist.strings;
			sourceTree = "<group>";
		};
/* End PBXVariantGroup section */

/* Begin XCBuildConfiguration section */
		67339D4718A3FC8200C6F563 /* Debug */ = {
			isa = XCBuildConfiguration;
			buildSettings = {
				ALWAYS_SEARCH_USER_PATHS = NO;
				ARCHS = "$(ARCHS_STANDARD_INCLUDING_64_BIT)";
				CLANG_CXX_LANGUAGE_STANDARD = "gnu++0x";
				CLANG_CXX_LIBRARY = "libc++";
				CLANG_ENABLE_MODULES = YES;
				CLANG_ENABLE_OBJC_ARC = YES;
				CLANG_WARN_BOOL_CONVERSION = YES;
				CLANG_WARN_CONSTANT_CONVERSION = YES;
				CLANG_WARN_DIRECT_OBJC_ISA_USAGE = YES_ERROR;
				CLANG_WARN_EMPTY_BODY = YES;
				CLANG_WARN_ENUM_CONVERSION = YES;
				CLANG_WARN_INT_CONVERSION = YES;
				CLANG_WARN_OBJC_ROOT_CLASS = YES_ERROR;
				CLANG_WARN__DUPLICATE_METHOD_MATCH = YES;
				"CODE_SIGN_IDENTITY[sdk=iphoneos*]" = "iPhone Developer";
				COPY_PHASE_STRIP = NO;
				GCC_C_LANGUAGE_STANDARD = gnu99;
				GCC_DYNAMIC_NO_PIC = NO;
				GCC_OPTIMIZATION_LEVEL = 0;
				GCC_PREPROCESSOR_DEFINITIONS = (
					"DEBUG=1",
					"$(inherited)",
				);
				GCC_SYMBOLS_PRIVATE_EXTERN = NO;
				GCC_WARN_64_TO_32_BIT_CONVERSION = YES;
				GCC_WARN_ABOUT_RETURN_TYPE = YES_ERROR;
				GCC_WARN_UNDECLARED_SELECTOR = YES;
				GCC_WARN_UNINITIALIZED_AUTOS = YES;
				GCC_WARN_UNUSED_FUNCTION = YES;
				GCC_WARN_UNUSED_VARIABLE = YES;
				IPHONEOS_DEPLOYMENT_TARGET = 7.0;
				ONLY_ACTIVE_ARCH = YES;
				SDKROOT = iphoneos;
				TARGETED_DEVICE_FAMILY = "1,2";
			};
			name = Debug;
		};
		67339D4818A3FC8200C6F563 /* Release */ = {
			isa = XCBuildConfiguration;
			buildSettings = {
				ALWAYS_SEARCH_USER_PATHS = NO;
				ARCHS = "$(ARCHS_STANDARD_INCLUDING_64_BIT)";
				CLANG_CXX_LANGUAGE_STANDARD = "gnu++0x";
				CLANG_CXX_LIBRARY = "libc++";
				CLANG_ENABLE_MODULES = YES;
				CLANG_ENABLE_OBJC_ARC = YES;
				CLANG_WARN_BOOL_CONVERSION = YES;
				CLANG_WARN_CONSTANT_CONVERSION = YES;
				CLANG_WARN_DIRECT_OBJC_ISA_USAGE = YES_ERROR;
				CLANG_WARN_EMPTY_BODY = YES;
				CLANG_WARN_ENUM_CONVERSION = YES;
				CLANG_WARN_INT_CONVERSION = YES;
				CLANG_WARN_OBJC_ROOT_CLASS = YES_ERROR;
				CLANG_WARN__DUPLICATE_METHOD_MATCH = YES;
				"CODE_SIGN_IDENTITY[sdk=iphoneos*]" = "iPhone Developer";
				COPY_PHASE_STRIP = YES;
				ENABLE_NS_ASSERTIONS = NO;
				GCC_C_LANGUAGE_STANDARD = gnu99;
				GCC_WARN_64_TO_32_BIT_CONVERSION = YES;
				GCC_WARN_ABOUT_RETURN_TYPE = YES_ERROR;
				GCC_WARN_UNDECLARED_SELECTOR = YES;
				GCC_WARN_UNINITIALIZED_AUTOS = YES;
				GCC_WARN_UNUSED_FUNCTION = YES;
				GCC_WARN_UNUSED_VARIABLE = YES;
				IPHONEOS_DEPLOYMENT_TARGET = 7.0;
				SDKROOT = iphoneos;
				TARGETED_DEVICE_FAMILY = "1,2";
				VALIDATE_PRODUCT = YES;
			};
			name = Release;
		};
		67339D4A18A3FC8200C6F563 /* Debug */ = {
			isa = XCBuildConfiguration;
			buildSettings = {
				ASSETCATALOG_COMPILER_APPICON_NAME = AppIcon;
				ASSETCATALOG_COMPILER_LAUNCHIMAGE_NAME = LaunchImage;
				CODE_SIGN_IDENTITY = "iPhone Developer";
				"CODE_SIGN_IDENTITY[sdk=iphoneos*]" = "iPhone Developer";
				GCC_PRECOMPILE_PREFIX_HEADER = YES;
				GCC_PREFIX_HEADER = "KenoshaAreaTransit/KenoshaAreaTransit-Prefix.pch";
				INFOPLIST_FILE = "KenoshaAreaTransit/KenoshaAreaTransit-Info.plist";
				LIBRARY_SEARCH_PATHS = (
					"$(inherited)",
					"$(PROJECT_DIR)/ZBarSDK",
				);
				PRODUCT_NAME = "$(TARGET_NAME)";
				PROVISIONING_PROFILE = "";
				WRAPPER_EXTENSION = app;
			};
			name = Debug;
		};
		67339D4B18A3FC8200C6F563 /* Release */ = {
			isa = XCBuildConfiguration;
			buildSettings = {
				ASSETCATALOG_COMPILER_APPICON_NAME = AppIcon;
				ASSETCATALOG_COMPILER_LAUNCHIMAGE_NAME = LaunchImage;
				CODE_SIGN_IDENTITY = "iPhone Developer";
				"CODE_SIGN_IDENTITY[sdk=iphoneos*]" = "iPhone Developer";
				GCC_PRECOMPILE_PREFIX_HEADER = YES;
				GCC_PREFIX_HEADER = "KenoshaAreaTransit/KenoshaAreaTransit-Prefix.pch";
				INFOPLIST_FILE = "KenoshaAreaTransit/KenoshaAreaTransit-Info.plist";
				LIBRARY_SEARCH_PATHS = (
					"$(inherited)",
					"$(PROJECT_DIR)/ZBarSDK",
				);
				PRODUCT_NAME = "$(TARGET_NAME)";
				PROVISIONING_PROFILE = "";
				WRAPPER_EXTENSION = app;
			};
			name = Release;
		};
		67339D4D18A3FC8200C6F563 /* Debug */ = {
			isa = XCBuildConfiguration;
			buildSettings = {
				ARCHS = "$(ARCHS_STANDARD_INCLUDING_64_BIT)";
				BUNDLE_LOADER = "$(BUILT_PRODUCTS_DIR)/KenoshaAreaTransit.app/KenoshaAreaTransit";
				FRAMEWORK_SEARCH_PATHS = (
					"$(SDKROOT)/Developer/Library/Frameworks",
					"$(inherited)",
					"$(DEVELOPER_FRAMEWORKS_DIR)",
				);
				GCC_PRECOMPILE_PREFIX_HEADER = YES;
				GCC_PREFIX_HEADER = "KenoshaAreaTransit/KenoshaAreaTransit-Prefix.pch";
				GCC_PREPROCESSOR_DEFINITIONS = (
					"DEBUG=1",
					"$(inherited)",
				);
				INFOPLIST_FILE = "KenoshaAreaTransitTests/KenoshaAreaTransitTests-Info.plist";
				PRODUCT_NAME = "$(TARGET_NAME)";
				TEST_HOST = "$(BUNDLE_LOADER)";
				WRAPPER_EXTENSION = xctest;
			};
			name = Debug;
		};
		67339D4E18A3FC8200C6F563 /* Release */ = {
			isa = XCBuildConfiguration;
			buildSettings = {
				ARCHS = "$(ARCHS_STANDARD_INCLUDING_64_BIT)";
				BUNDLE_LOADER = "$(BUILT_PRODUCTS_DIR)/KenoshaAreaTransit.app/KenoshaAreaTransit";
				FRAMEWORK_SEARCH_PATHS = (
					"$(SDKROOT)/Developer/Library/Frameworks",
					"$(inherited)",
					"$(DEVELOPER_FRAMEWORKS_DIR)",
				);
				GCC_PRECOMPILE_PREFIX_HEADER = YES;
				GCC_PREFIX_HEADER = "KenoshaAreaTransit/KenoshaAreaTransit-Prefix.pch";
				INFOPLIST_FILE = "KenoshaAreaTransitTests/KenoshaAreaTransitTests-Info.plist";
				PRODUCT_NAME = "$(TARGET_NAME)";
				TEST_HOST = "$(BUNDLE_LOADER)";
				WRAPPER_EXTENSION = xctest;
			};
			name = Release;
		};
/* End XCBuildConfiguration section */

/* Begin XCConfigurationList section */
		67339D0C18A3FC8200C6F563 /* Build configuration list for PBXProject "KenoshaAreaTransit" */ = {
			isa = XCConfigurationList;
			buildConfigurations = (
				67339D4718A3FC8200C6F563 /* Debug */,
				67339D4818A3FC8200C6F563 /* Release */,
			);
			defaultConfigurationIsVisible = 0;
			defaultConfigurationName = Release;
		};
		67339D4918A3FC8200C6F563 /* Build configuration list for PBXNativeTarget "KenoshaAreaTransit" */ = {
			isa = XCConfigurationList;
			buildConfigurations = (
				67339D4A18A3FC8200C6F563 /* Debug */,
				67339D4B18A3FC8200C6F563 /* Release */,
			);
			defaultConfigurationIsVisible = 0;
			defaultConfigurationName = Release;
		};
		67339D4C18A3FC8200C6F563 /* Build configuration list for PBXNativeTarget "KenoshaAreaTransitTests" */ = {
			isa = XCConfigurationList;
			buildConfigurations = (
				67339D4D18A3FC8200C6F563 /* Debug */,
				67339D4E18A3FC8200C6F563 /* Release */,
			);
			defaultConfigurationIsVisible = 0;
			defaultConfigurationName = Release;
		};
/* End XCConfigurationList section */
	};
	rootObject = 67339D0918A3FC8200C6F563 /* Project object */;
}
